{
  "name": "ProjectGatekeeper_Website",
  "lockfileVersion": 3,
  "requires": true,
  "packages": {
    "": {
      "name": "ProjectGatekeeper_Website",
      "dependencies": {
        "@gradio/client": "^0.17.0",
        "node-fetch": "^3.3.2"
      }
    },
    "node_modules/@gradio/client": {
      "version": "0.17.0",
      "resolved": "https://registry.npmjs.org/@gradio/client/-/client-0.17.0.tgz",
      "integrity": "sha512-1f00UtwOLzj+pfHzyA8Avp+xR3/7O5I/YXgseq3gHRxjeY1kjwXQ4eXi9Ks8f6IguHSb7hFOW2SnFLjBbaz5bQ==",
      "license": "ISC",
      "dependencies": {
        "bufferutil": "^4.0.7",
        "semiver": "^1.1.0",
        "typescript": "^5.0.0",
        "ws": "^8.13.0"
      },
      "engines": {
        "node": ">=18.0.0"
      }
    },
    "node_modules/bufferutil": {
      "version": "4.0.8",
      "resolved": "https://registry.npmjs.org/bufferutil/-/bufferutil-4.0.8.tgz",
      "integrity": "sha512-4T53u4PdgsXqKaIctwF8ifXlRTTmEPJ8iEPWFdGZvcf7sbwYo6FKFEX9eNNAnzFZ7EzJAQ3CJeOtCRA4rDp7Pw==",
      "hasInstallScript": true,
      "license": "MIT",
      "dependencies": {
        "node-gyp-build": "^4.3.0"
      },
      "engines": {
        "node": ">=6.14.2"
      }
    },
    "node_modules/data-uri-to-buffer": {
      "version": "4.0.1",
      "resolved": "https://registry.npmjs.org/data-uri-to-buffer/-/data-uri-to-buffer-4.0.1.tgz",
      "integrity": "sha512-0R9ikRb668HB7QDxT1vkpuUBtqc53YyAwMwGeUFKRojY/NWKvdZ+9UYtRfGmhqNbRkTSVpMbmyhXipFFv2cb/A==",
      "license": "MIT",
      "engines": {
        "node": ">= 12"
      }
    },
    "node_modules/fetch-blob": {
      "version": "3.2.0",
      "resolved": "https://registry.npmjs.org/fetch-blob/-/fetch-blob-3.2.0.tgz",
      "integrity": "sha512-7yAQpD2UMJzLi1Dqv7qFYnPbaPx7ZfFK6PiIxQ4PfkGPyNyl2Ugx+a/umUonmKqjhM4DnfbMvdX6otXq83soQQ==",
      "funding": [
        {
          "type": "github",
          "url": "https://github.com/sponsors/jimmywarting"
        },
        {
          "type": "paypal",
          "url": "https://paypal.me/jimmywarting"
        }
      ],
      "license": "MIT",
      "dependencies": {
        "node-domexception": "^1.0.0",
        "web-streams-polyfill": "^3.0.3"
      },
      "engines": {
        "node": "^12.20 || >= 14.13"
      }
    },
    "node_modules/formdata-polyfill": {
      "version": "4.0.10",
      "resolved": "https://registry.npmjs.org/formdata-polyfill/-/formdata-polyfill-4.0.10.tgz",
      "integrity": "sha512-buewHzMvYL29jdeQTVILecSaZKnt/RJWjoZCF5OW60Z67/GmSLBkOFM7qh1PI3zFNtJbaZL5eQu1vLfazOwj4g==",
      "license": "MIT",
      "dependencies": {
        "fetch-blob": "^3.1.2"
      },
      "engines": {
        "node": ">=12.20.0"
      }
    },
    "node_modules/node-domexception": {
      "version": "1.0.0",
      "resolved": "https://registry.npmjs.org/node-domexception/-/node-domexception-1.0.0.tgz",
      "integrity": "sha512-/jKZoMpw0F8GRwl4/eLROPA3cfcXtLApP0QzLmUT/HuPCZWyB7IY9ZrMeKw2O/nFIqPQB3PVM9aYm0F312AXDQ==",
      "funding": [
        {
          "type": "github",
          "url": "https://github.com/sponsors/jimmywarting"
        },
        {
          "type": "github",
          "url": "https://paypal.me/jimmywarting"
        }
      ],
      "license": "MIT",
      "engines": {
        "node": ">=10.5.0"
      }
    },
    "node_modules/node-fetch": {
      "version": "3.3.2",
      "resolved": "https://registry.npmjs.org/node-fetch/-/node-fetch-3.3.2.tgz",
      "integrity": "sha512-dRB78srN/l6gqWulah9SrxeYnxeddIG30+GOqK/9OlLVyLg3HPnr6SqOWTWOXKRwC2eGYCkZ59NNuSgvSrpgOA==",
      "license": "MIT",
      "dependencies": {
        "data-uri-to-buffer": "^4.0.0",
        "fetch-blob": "^3.1.4",
        "formdata-polyfill": "^4.0.10"
      },
      "engines": {
        "node": "^12.20.0 || ^14.13.1 || >=16.0.0"
      },
      "funding": {
        "type": "opencollective",
        "url": "https://opencollective.com/node-fetch"
      }
    },
    "node_modules/node-gyp-build": {
      "version": "4.8.2",
      "resolved": "https://registry.npmjs.org/node-gyp-build/-/node-gyp-build-4.8.2.tgz",
      "integrity": "sha512-IRUxE4BVsHWXkV/SFOut4qTlagw2aM8T5/vnTsmrHJvVoKueJHRc/JaFND7QDDc61kLYUJ6qlZM3sqTSyx2dTw==",
      "license": "MIT",
      "bin": {
        "node-gyp-build": "bin.js",
        "node-gyp-build-optional": "optional.js",
        "node-gyp-build-test": "build-test.js"
      }
    },
    "node_modules/semiver": {
      "version": "1.1.0",
      "resolved": "https://registry.npmjs.org/semiver/-/semiver-1.1.0.tgz",
      "integrity": "sha512-QNI2ChmuioGC1/xjyYwyZYADILWyW6AmS1UH6gDj/SFUUUS4MBAWs/7mxnkRPc/F4iHezDP+O8t0dO8WHiEOdg==",
      "license": "MIT",
      "engines": {
        "node": ">=6"
      }
    },
    "node_modules/typescript": {
      "version": "5.6.2",
      "resolved": "https://registry.npmjs.org/typescript/-/typescript-5.6.2.tgz",
      "integrity": "sha512-NW8ByodCSNCwZeghjN3o+JX5OFH0Ojg6sadjEKY4huZ52TqbJTJnDo5+Tw98lSy63NZvi4n+ez5m2u5d4PkZyw==",
      "license": "Apache-2.0",
      "bin": {
        "tsc": "bin/tsc",
        "tsserver": "bin/tsserver"
      },
      "engines": {
        "node": ">=14.17"
      }
    },
    "node_modules/web-streams-polyfill": {
      "version": "3.3.3",
      "resolved": "https://registry.npmjs.org/web-streams-polyfill/-/web-streams-polyfill-3.3.3.tgz",
      "integrity": "sha512-d2JWLCivmZYTSIoge9MsgFCZrt571BikcWGYkjC1khllbTeDlGqZ2D8vD8E/lJa8WGWbb7Plm8/XJYV7IJHZZw==",
      "license": "MIT",
      "engines": {
        "node": ">= 8"
      }
    },
    "node_modules/ws": {
      "version": "8.18.0",
      "resolved": "https://registry.npmjs.org/ws/-/ws-8.18.0.tgz",
      "integrity": "sha512-8VbfWfHLbbwu3+N6OKsOMpBdT4kXPDDB9cJk2bJ6mh9ucxdlnNvH1e+roYkKmN9Nxw2yjz7VzeO9oOz2zJ04Pw==",
      "license": "MIT",
      "engines": {
        "node": ">=10.0.0"
      },
      "peerDependencies": {
        "bufferutil": "^4.0.1",
        "utf-8-validate": ">=5.0.2"
      },
      "peerDependenciesMeta": {
        "bufferutil": {
          "optional": true
        },
        "utf-8-validate": {
          "optional": true
        }
      }
    }
  }
}
